// !$*UTF8*$!
{
	archiveVersion = 1;
	classes = {
	};
	objectVersion = 50;
	objects = {

/* Begin PBXBuildFile section */
		0756E9FB09B317DF09574A48 /* Pods_flixster.framework in Frameworks */ = {isa = PBXBuildFile; fileRef = C4943E4E2C949034AF5FFD32 /* Pods_flixster.framework */; };
		6208549722128B0900BBDF0D /* TrailerViewController.swift in Sources */ = {isa = PBXBuildFile; fileRef = 6208549622128B0900BBDF0D /* TrailerViewController.swift */; };
		620872412206620600245837 /* AppDelegate.swift in Sources */ = {isa = PBXBuildFile; fileRef = 620872402206620600245837 /* AppDelegate.swift */; };
		620872432206620600245837 /* ViewController.swift in Sources */ = {isa = PBXBuildFile; fileRef = 620872422206620600245837 /* ViewController.swift */; };
		620872462206620600245837 /* Main.storyboard in Resources */ = {isa = PBXBuildFile; fileRef = 620872442206620600245837 /* Main.storyboard */; };
		620872492206620600245837 /* flixster.xcdatamodeld in Sources */ = {isa = PBXBuildFile; fileRef = 620872472206620600245837 /* flixster.xcdatamodeld */; };
		6208724B2206620800245837 /* Assets.xcassets in Resources */ = {isa = PBXBuildFile; fileRef = 6208724A2206620800245837 /* Assets.xcassets */; };
		6208724E2206620800245837 /* LaunchScreen.storyboard in Resources */ = {isa = PBXBuildFile; fileRef = 6208724C2206620800245837 /* LaunchScreen.storyboard */; };
		620872592206620800245837 /* flixsterTests.swift in Sources */ = {isa = PBXBuildFile; fileRef = 620872582206620800245837 /* flixsterTests.swift */; };
		620872642206620800245837 /* flixsterUITests.swift in Sources */ = {isa = PBXBuildFile; fileRef = 620872632206620800245837 /* flixsterUITests.swift */; };
		62168961220B58A900C3DEFC /* MovieGridCell.swift in Sources */ = {isa = PBXBuildFile; fileRef = 62168960220B58A900C3DEFC /* MovieGridCell.swift */; };
		624A0A372207A29000399106 /* MovieCell.swift in Sources */ = {isa = PBXBuildFile; fileRef = 624A0A362207A29000399106 /* MovieCell.swift */; };
		62E13648220951A4006CD997 /* MovieDetailsViewController.swift in Sources */ = {isa = PBXBuildFile; fileRef = 62E13647220951A4006CD997 /* MovieDetailsViewController.swift */; };
		62E1364A22096690006CD997 /* MovieGridViewController.swift in Sources */ = {isa = PBXBuildFile; fileRef = 62E1364922096690006CD997 /* MovieGridViewController.swift */; };
		8AC94EFA521FD23574BC6020 /* Pods_flixsterUITests.framework in Frameworks */ = {isa = PBXBuildFile; fileRef = 650F219E0B9EF10229918461 /* Pods_flixsterUITests.framework */; };
		E43004063371055631DB1111 /* Pods_flixsterTests.framework in Frameworks */ = {isa = PBXBuildFile; fileRef = DC4733FECEF99E43E42A2DF4 /* Pods_flixsterTests.framework */; };
/* End PBXBuildFile section */

/* Begin PBXContainerItemProxy section */
		620872552206620800245837 /* PBXContainerItemProxy */ = {
			isa = PBXContainerItemProxy;
			containerPortal = 620872352206620600245837 /* Project object */;
			proxyType = 1;
			remoteGlobalIDString = 6208723C2206620600245837;
			remoteInfo = flixster;
		};
		620872602206620800245837 /* PBXContainerItemProxy */ = {
			isa = PBXContainerItemProxy;
			containerPortal = 620872352206620600245837 /* Project object */;
			proxyType = 1;
			remoteGlobalIDString = 6208723C2206620600245837;
			remoteInfo = flixster;
		};
/* End PBXContainerItemProxy section */

/* Begin PBXFileReference section */
		353B0F9A5B2EA8DA595B1B46 /* Pods-flixsterUITests.release.xcconfig */ = {isa = PBXFileReference; includeInIndex = 1; lastKnownFileType = text.xcconfig; name = "Pods-flixsterUITests.release.xcconfig"; path = "Pods/Target Support Files/Pods-flixsterUITests/Pods-flixsterUITests.release.xcconfig"; sourceTree = "<group>"; };
		6208549622128B0900BBDF0D /* TrailerViewController.swift */ = {isa = PBXFileReference; lastKnownFileType = sourcecode.swift; path = TrailerViewController.swift; sourceTree = "<group>"; };
		6208723D2206620600245837 /* flixster.app */ = {isa = PBXFileReference; explicitFileType = wrapper.application; includeInIndex = 0; path = flixster.app; sourceTree = BUILT_PRODUCTS_DIR; };
		620872402206620600245837 /* AppDelegate.swift */ = {isa = PBXFileReference; lastKnownFileType = sourcecode.swift; path = AppDelegate.swift; sourceTree = "<group>"; };
		620872422206620600245837 /* ViewController.swift */ = {isa = PBXFileReference; lastKnownFileType = sourcecode.swift; path = ViewController.swift; sourceTree = "<group>"; };
		620872452206620600245837 /* Base */ = {isa = PBXFileReference; lastKnownFileType = file.storyboard; name = Base; path = Base.lproj/Main.storyboard; sourceTree = "<group>"; };
		620872482206620600245837 /* flixster.xcdatamodel */ = {isa = PBXFileReference; lastKnownFileType = wrapper.xcdatamodel; path = flixster.xcdatamodel; sourceTree = "<group>"; };
		6208724A2206620800245837 /* Assets.xcassets */ = {isa = PBXFileReference; lastKnownFileType = folder.assetcatalog; path = Assets.xcassets; sourceTree = "<group>"; };
		6208724D2206620800245837 /* Base */ = {isa = PBXFileReference; lastKnownFileType = file.storyboard; name = Base; path = Base.lproj/LaunchScreen.storyboard; sourceTree = "<group>"; };
		6208724F2206620800245837 /* Info.plist */ = {isa = PBXFileReference; lastKnownFileType = text.plist.xml; path = Info.plist; sourceTree = "<group>"; };
		620872542206620800245837 /* flixsterTests.xctest */ = {isa = PBXFileReference; explicitFileType = wrapper.cfbundle; includeInIndex = 0; path = flixsterTests.xctest; sourceTree = BUILT_PRODUCTS_DIR; };
		620872582206620800245837 /* flixsterTests.swift */ = {isa = PBXFileReference; lastKnownFileType = sourcecode.swift; path = flixsterTests.swift; sourceTree = "<group>"; };
		6208725A2206620800245837 /* Info.plist */ = {isa = PBXFileReference; lastKnownFileType = text.plist.xml; path = Info.plist; sourceTree = "<group>"; };
		6208725F2206620800245837 /* flixsterUITests.xctest */ = {isa = PBXFileReference; explicitFileType = wrapper.cfbundle; includeInIndex = 0; path = flixsterUITests.xctest; sourceTree = BUILT_PRODUCTS_DIR; };
		620872632206620800245837 /* flixsterUITests.swift */ = {isa = PBXFileReference; lastKnownFileType = sourcecode.swift; path = flixsterUITests.swift; sourceTree = "<group>"; };
		620872652206620800245837 /* Info.plist */ = {isa = PBXFileReference; lastKnownFileType = text.plist.xml; path = Info.plist; sourceTree = "<group>"; };
		62168960220B58A900C3DEFC /* MovieGridCell.swift */ = {isa = PBXFileReference; lastKnownFileType = sourcecode.swift; path = MovieGridCell.swift; sourceTree = "<group>"; };
		624A0A362207A29000399106 /* MovieCell.swift */ = {isa = PBXFileReference; lastKnownFileType = sourcecode.swift; path = MovieCell.swift; sourceTree = "<group>"; };
		62E13647220951A4006CD997 /* MovieDetailsViewController.swift */ = {isa = PBXFileReference; lastKnownFileType = sourcecode.swift; path = MovieDetailsViewController.swift; sourceTree = "<group>"; };
		62E1364922096690006CD997 /* MovieGridViewController.swift */ = {isa = PBXFileReference; lastKnownFileType = sourcecode.swift; path = MovieGridViewController.swift; sourceTree = "<group>"; };
		650F219E0B9EF10229918461 /* Pods_flixsterUITests.framework */ = {isa = PBXFileReference; explicitFileType = wrapper.framework; includeInIndex = 0; path = Pods_flixsterUITests.framework; sourceTree = BUILT_PRODUCTS_DIR; };
		A25223136B1897C03C6AE774 /* Pods-flixsterUITests.debug.xcconfig */ = {isa = PBXFileReference; includeInIndex = 1; lastKnownFileType = text.xcconfig; name = "Pods-flixsterUITests.debug.xcconfig"; path = "Pods/Target Support Files/Pods-flixsterUITests/Pods-flixsterUITests.debug.xcconfig"; sourceTree = "<group>"; };
		C4943E4E2C949034AF5FFD32 /* Pods_flixster.framework */ = {isa = PBXFileReference; explicitFileType = wrapper.framework; includeInIndex = 0; path = Pods_flixster.framework; sourceTree = BUILT_PRODUCTS_DIR; };
		C90C68DD51BBFF455AB419D4 /* Pods-flixsterTests.release.xcconfig */ = {isa = PBXFileReference; includeInIndex = 1; lastKnownFileType = text.xcconfig; name = "Pods-flixsterTests.release.xcconfig"; path = "Pods/Target Support Files/Pods-flixsterTests/Pods-flixsterTests.release.xcconfig"; sourceTree = "<group>"; };
		DC4733FECEF99E43E42A2DF4 /* Pods_flixsterTests.framework */ = {isa = PBXFileReference; explicitFileType = wrapper.framework; includeInIndex = 0; path = Pods_flixsterTests.framework; sourceTree = BUILT_PRODUCTS_DIR; };
		F79FD119A5EB518F50450415 /* Pods-flixsterTests.debug.xcconfig */ = {isa = PBXFileReference; includeInIndex = 1; lastKnownFileType = text.xcconfig; name = "Pods-flixsterTests.debug.xcconfig"; path = "Pods/Target Support Files/Pods-flixsterTests/Pods-flixsterTests.debug.xcconfig"; sourceTree = "<group>"; };
		FAD1890AF66CF4790BD64BCB /* Pods-flixster.release.xcconfig */ = {isa = PBXFileReference; includeInIndex = 1; lastKnownFileType = text.xcconfig; name = "Pods-flixster.release.xcconfig"; path = "Pods/Target Support Files/Pods-flixster/Pods-flixster.release.xcconfig"; sourceTree = "<group>"; };
		FF4280F4DB7C91E1706B2607 /* Pods-flixster.debug.xcconfig */ = {isa = PBXFileReference; includeInIndex = 1; lastKnownFileType = text.xcconfig; name = "Pods-flixster.debug.xcconfig"; path = "Pods/Target Support Files/Pods-flixster/Pods-flixster.debug.xcconfig"; sourceTree = "<group>"; };
/* End PBXFileReference section */

/* Begin PBXFrameworksBuildPhase section */
		6208723A2206620600245837 /* Frameworks */ = {
			isa = PBXFrameworksBuildPhase;
			buildActionMask = 2147483647;
			files = (
				0756E9FB09B317DF09574A48 /* Pods_flixster.framework in Frameworks */,
			);
			runOnlyForDeploymentPostprocessing = 0;
		};
		620872512206620800245837 /* Frameworks */ = {
			isa = PBXFrameworksBuildPhase;
			buildActionMask = 2147483647;
			files = (
				E43004063371055631DB1111 /* Pods_flixsterTests.framework in Frameworks */,
			);
			runOnlyForDeploymentPostprocessing = 0;
		};
		6208725C2206620800245837 /* Frameworks */ = {
			isa = PBXFrameworksBuildPhase;
			buildActionMask = 2147483647;
			files = (
				8AC94EFA521FD23574BC6020 /* Pods_flixsterUITests.framework in Frameworks */,
			);
			runOnlyForDeploymentPostprocessing = 0;
		};
/* End PBXFrameworksBuildPhase section */

/* Begin PBXGroup section */
		1611CE56ED660398C7A55390 /* Frameworks */ = {
			isa = PBXGroup;
			children = (
				C4943E4E2C949034AF5FFD32 /* Pods_flixster.framework */,
				DC4733FECEF99E43E42A2DF4 /* Pods_flixsterTests.framework */,
				650F219E0B9EF10229918461 /* Pods_flixsterUITests.framework */,
			);
			name = Frameworks;
			sourceTree = "<group>";
		};
		620872342206620600245837 = {
			isa = PBXGroup;
			children = (
				6208723F2206620600245837 /* flixster */,
				620872572206620800245837 /* flixsterTests */,
				620872622206620800245837 /* flixsterUITests */,
				6208723E2206620600245837 /* Products */,
				B0CF67D547269553C043A0CF /* Pods */,
				1611CE56ED660398C7A55390 /* Frameworks */,
			);
			sourceTree = "<group>";
		};
		6208723E2206620600245837 /* Products */ = {
			isa = PBXGroup;
			children = (
				6208723D2206620600245837 /* flixster.app */,
				620872542206620800245837 /* flixsterTests.xctest */,
				6208725F2206620800245837 /* flixsterUITests.xctest */,
			);
			name = Products;
			sourceTree = "<group>";
		};
		6208723F2206620600245837 /* flixster */ = {
			isa = PBXGroup;
			children = (
				624A0A362207A29000399106 /* MovieCell.swift */,
				620872402206620600245837 /* AppDelegate.swift */,
				620872422206620600245837 /* ViewController.swift */,
				620872442206620600245837 /* Main.storyboard */,
				6208549622128B0900BBDF0D /* TrailerViewController.swift */,
				62168960220B58A900C3DEFC /* MovieGridCell.swift */,
				62E1364922096690006CD997 /* MovieGridViewController.swift */,
				62E13647220951A4006CD997 /* MovieDetailsViewController.swift */,
				6208724A2206620800245837 /* Assets.xcassets */,
				6208724C2206620800245837 /* LaunchScreen.storyboard */,
				6208724F2206620800245837 /* Info.plist */,
				620872472206620600245837 /* flixster.xcdatamodeld */,
			);
			path = flixster;
			sourceTree = "<group>";
		};
		620872572206620800245837 /* flixsterTests */ = {
			isa = PBXGroup;
			children = (
				620872582206620800245837 /* flixsterTests.swift */,
				6208725A2206620800245837 /* Info.plist */,
			);
			path = flixsterTests;
			sourceTree = "<group>";
		};
		620872622206620800245837 /* flixsterUITests */ = {
			isa = PBXGroup;
			children = (
				620872632206620800245837 /* flixsterUITests.swift */,
				620872652206620800245837 /* Info.plist */,
			);
			path = flixsterUITests;
			sourceTree = "<group>";
		};
		B0CF67D547269553C043A0CF /* Pods */ = {
			isa = PBXGroup;
			children = (
				FF4280F4DB7C91E1706B2607 /* Pods-flixster.debug.xcconfig */,
				FAD1890AF66CF4790BD64BCB /* Pods-flixster.release.xcconfig */,
				F79FD119A5EB518F50450415 /* Pods-flixsterTests.debug.xcconfig */,
				C90C68DD51BBFF455AB419D4 /* Pods-flixsterTests.release.xcconfig */,
				A25223136B1897C03C6AE774 /* Pods-flixsterUITests.debug.xcconfig */,
				353B0F9A5B2EA8DA595B1B46 /* Pods-flixsterUITests.release.xcconfig */,
			);
			name = Pods;
			sourceTree = "<group>";
		};
/* End PBXGroup section */

/* Begin PBXNativeTarget section */
		6208723C2206620600245837 /* flixster */ = {
			isa = PBXNativeTarget;
			buildConfigurationList = 620872682206620800245837 /* Build configuration list for PBXNativeTarget "flixster" */;
			buildPhases = (
				5C2AA841F822FA55F85E0E07 /* [CP] Check Pods Manifest.lock */,
				620872392206620600245837 /* Sources */,
				6208723A2206620600245837 /* Frameworks */,
				6208723B2206620600245837 /* Resources */,
				1A4B284AEFC583F960015967 /* [CP] Embed Pods Frameworks */,
			);
			buildRules = (
			);
			dependencies = (
			);
			name = flixster;
			productName = flixster;
			productReference = 6208723D2206620600245837 /* flixster.app */;
			productType = "com.apple.product-type.application";
		};
		620872532206620800245837 /* flixsterTests */ = {
			isa = PBXNativeTarget;
			buildConfigurationList = 6208726B2206620800245837 /* Build configuration list for PBXNativeTarget "flixsterTests" */;
			buildPhases = (
				A023B18CF00D526AC265F016 /* [CP] Check Pods Manifest.lock */,
				620872502206620800245837 /* Sources */,
				620872512206620800245837 /* Frameworks */,
				620872522206620800245837 /* Resources */,
			);
			buildRules = (
			);
			dependencies = (
				620872562206620800245837 /* PBXTargetDependency */,
			);
			name = flixsterTests;
			productName = flixsterTests;
			productReference = 620872542206620800245837 /* flixsterTests.xctest */;
			productType = "com.apple.product-type.bundle.unit-test";
		};
		6208725E2206620800245837 /* flixsterUITests */ = {
			isa = PBXNativeTarget;
			buildConfigurationList = 6208726E2206620800245837 /* Build configuration list for PBXNativeTarget "flixsterUITests" */;
			buildPhases = (
				101223331E09C42925BA38D9 /* [CP] Check Pods Manifest.lock */,
				6208725B2206620800245837 /* Sources */,
				6208725C2206620800245837 /* Frameworks */,
				6208725D2206620800245837 /* Resources */,
			);
			buildRules = (
			);
			dependencies = (
				620872612206620800245837 /* PBXTargetDependency */,
			);
			name = flixsterUITests;
			productName = flixsterUITests;
			productReference = 6208725F2206620800245837 /* flixsterUITests.xctest */;
			productType = "com.apple.product-type.bundle.ui-testing";
		};
/* End PBXNativeTarget section */

/* Begin PBXProject section */
		620872352206620600245837 /* Project object */ = {
			isa = PBXProject;
			attributes = {
				LastSwiftUpdateCheck = 1010;
				LastUpgradeCheck = 1010;
				ORGANIZATIONNAME = "Shakkhar Biswas";
				TargetAttributes = {
					6208723C2206620600245837 = {
						CreatedOnToolsVersion = 10.1;
					};
					620872532206620800245837 = {
						CreatedOnToolsVersion = 10.1;
						TestTargetID = 6208723C2206620600245837;
					};
					6208725E2206620800245837 = {
						CreatedOnToolsVersion = 10.1;
						TestTargetID = 6208723C2206620600245837;
					};
				};
			};
			buildConfigurationList = 620872382206620600245837 /* Build configuration list for PBXProject "flixster" */;
			compatibilityVersion = "Xcode 9.3";
			developmentRegion = en;
			hasScannedForEncodings = 0;
			knownRegions = (
				en,
				Base,
			);
			mainGroup = 620872342206620600245837;
			productRefGroup = 6208723E2206620600245837 /* Products */;
			projectDirPath = "";
			projectRoot = "";
			targets = (
				6208723C2206620600245837 /* flixster */,
				620872532206620800245837 /* flixsterTests */,
				6208725E2206620800245837 /* flixsterUITests */,
			);
		};
/* End PBXProject section */

/* Begin PBXResourcesBuildPhase section */
		6208723B2206620600245837 /* Resources */ = {
			isa = PBXResourcesBuildPhase;
			buildActionMask = 2147483647;
			files = (
				6208724E2206620800245837 /* LaunchScreen.storyboard in Resources */,
				6208724B2206620800245837 /* Assets.xcassets in Resources */,
				620872462206620600245837 /* Main.storyboard in Resources */,
			);
			runOnlyForDeploymentPostprocessing = 0;
		};
		620872522206620800245837 /* Resources */ = {
			isa = PBXResourcesBuildPhase;
			buildActionMask = 2147483647;
			files = (
			);
			runOnlyForDeploymentPostprocessing = 0;
		};
		6208725D2206620800245837 /* Resources */ = {
			isa = PBXResourcesBuildPhase;
			buildActionMask = 2147483647;
			files = (
			);
			runOnlyForDeploymentPostprocessing = 0;
		};
/* End PBXResourcesBuildPhase section */

/* Begin PBXShellScriptBuildPhase section */
		101223331E09C42925BA38D9 /* [CP] Check Pods Manifest.lock */ = {
			isa = PBXShellScriptBuildPhase;
			buildActionMask = 2147483647;
			files = (
			);
			inputFileListPaths = (
			);
			inputPaths = (
				"${PODS_PODFILE_DIR_PATH}/Podfile.lock",
				"${PODS_ROOT}/Manifest.lock",
			);
			name = "[CP] Check Pods Manifest.lock";
			outputFileListPaths = (
			);
			outputPaths = (
				"$(DERIVED_FILE_DIR)/Pods-flixsterUITests-checkManifestLockResult.txt",
			);
			runOnlyForDeploymentPostprocessing = 0;
			shellPath = /bin/sh;
			shellScript = "diff \"${PODS_PODFILE_DIR_PATH}/Podfile.lock\" \"${PODS_ROOT}/Manifest.lock\" > /dev/null\nif [ $? != 0 ] ; then\n    # print error to STDERR\n    echo \"error: The sandbox is not in sync with the Podfile.lock. Run 'pod install' or update your CocoaPods installation.\" >&2\n    exit 1\nfi\n# This output is used by Xcode 'outputs' to avoid re-running this script phase.\necho \"SUCCESS\" > \"${SCRIPT_OUTPUT_FILE_0}\"\n";
			showEnvVarsInLog = 0;
		};
		1A4B284AEFC583F960015967 /* [CP] Embed Pods Frameworks */ = {
			isa = PBXShellScriptBuildPhase;
			buildActionMask = 2147483647;
			files = (
			);
			inputFileListPaths = (
			);
			inputPaths = (
				"${SRCROOT}/Pods/Target Support Files/Pods-flixster/Pods-flixster-frameworks.sh",
				"${BUILT_PRODUCTS_DIR}/Alamofire/Alamofire.framework",
				"${BUILT_PRODUCTS_DIR}/AlamofireImage/AlamofireImage.framework",
			);
			name = "[CP] Embed Pods Frameworks";
			outputFileListPaths = (
			);
			outputPaths = (
				"${TARGET_BUILD_DIR}/${FRAMEWORKS_FOLDER_PATH}/Alamofire.framework",
				"${TARGET_BUILD_DIR}/${FRAMEWORKS_FOLDER_PATH}/AlamofireImage.framework",
			);
			runOnlyForDeploymentPostprocessing = 0;
			shellPath = /bin/sh;
			shellScript = "\"${SRCROOT}/Pods/Target Support Files/Pods-flixster/Pods-flixster-frameworks.sh\"\n";
			showEnvVarsInLog = 0;
		};
		5C2AA841F822FA55F85E0E07 /* [CP] Check Pods Manifest.lock */ = {
			isa = PBXShellScriptBuildPhase;
			buildActionMask = 2147483647;
			files = (
			);
			inputFileListPaths = (
			);
			inputPaths = (
				"${PODS_PODFILE_DIR_PATH}/Podfile.lock",
				"${PODS_ROOT}/Manifest.lock",
			);
			name = "[CP] Check Pods Manifest.lock";
			outputFileListPaths = (
			);
			outputPaths = (
				"$(DERIVED_FILE_DIR)/Pods-flixster-checkManifestLockResult.txt",
			);
			runOnlyForDeploymentPostprocessing = 0;
			shellPath = /bin/sh;
			shellScript = "diff \"${PODS_PODFILE_DIR_PATH}/Podfile.lock\" \"${PODS_ROOT}/Manifest.lock\" > /dev/null\nif [ $? != 0 ] ; then\n    # print error to STDERR\n    echo \"error: The sandbox is not in sync with the Podfile.lock. Run 'pod install' or update your CocoaPods installation.\" >&2\n    exit 1\nfi\n# This output is used by Xcode 'outputs' to avoid re-running this script phase.\necho \"SUCCESS\" > \"${SCRIPT_OUTPUT_FILE_0}\"\n";
			showEnvVarsInLog = 0;
		};
		A023B18CF00D526AC265F016 /* [CP] Check Pods Manifest.lock */ = {
			isa = PBXShellScriptBuildPhase;
			buildActionMask = 2147483647;
			files = (
			);
			inputFileListPaths = (
			);
			inputPaths = (
				"${PODS_PODFILE_DIR_PATH}/Podfile.lock",
				"${PODS_ROOT}/Manifest.lock",
			);
			name = "[CP] Check Pods Manifest.lock";
			outputFileListPaths = (
			);
			outputPaths = (
				"$(DERIVED_FILE_DIR)/Pods-flixsterTests-checkManifestLockResult.txt",
			);
			runOnlyForDeploymentPostprocessing = 0;
			shellPath = /bin/sh;
			shellScript = "diff \"${PODS_PODFILE_DIR_PATH}/Podfile.lock\" \"${PODS_ROOT}/Manifest.lock\" > /dev/null\nif [ $? != 0 ] ; then\n    # print error to STDERR\n    echo \"error: The sandbox is not in sync with the Podfile.lock. Run 'pod install' or update your CocoaPods installation.\" >&2\n    exit 1\nfi\n# This output is used by Xcode 'outputs' to avoid re-running this script phase.\necho \"SUCCESS\" > \"${SCRIPT_OUTPUT_FILE_0}\"\n";
			showEnvVarsInLog = 0;
		};
/* End PBXShellScriptBuildPhase section */

/* Begin PBXSourcesBuildPhase section */
		620872392206620600245837 /* Sources */ = {
			isa = PBXSourcesBuildPhase;
			buildActionMask = 2147483647;
			files = (
				6208549722128B0900BBDF0D /* TrailerViewController.swift in Sources */,
				62E13648220951A4006CD997 /* MovieDetailsViewController.swift in Sources */,
				620872492206620600245837 /* flixster.xcdatamodeld in Sources */,
				620872432206620600245837 /* ViewController.swift in Sources */,
				624A0A372207A29000399106 /* MovieCell.swift in Sources */,
				620872412206620600245837 /* AppDelegate.swift in Sources */,
				62E1364A22096690006CD997 /* MovieGridViewController.swift in Sources */,
				62168961220B58A900C3DEFC /* MovieGridCell.swift in Sources */,
			);
			runOnlyForDeploymentPostprocessing = 0;
		};
		620872502206620800245837 /* Sources */ = {
			isa = PBXSourcesBuildPhase;
			buildActionMask = 2147483647;
			files = (
				620872592206620800245837 /* flixsterTests.swift in Sources */,
			);
			runOnlyForDeploymentPostprocessing = 0;
		};
		6208725B2206620800245837 /* Sources */ = {
			isa = PBXSourcesBuildPhase;
			buildActionMask = 2147483647;
			files = (
				620872642206620800245837 /* flixsterUITests.swift in Sources */,
			);
			runOnlyForDeploymentPostprocessing = 0;
		};
/* End PBXSourcesBuildPhase section */

/* Begin PBXTargetDependency section */
		620872562206620800245837 /* PBXTargetDependency */ = {
			isa = PBXTargetDependency;
			target = 6208723C2206620600245837 /* flixster */;
			targetProxy = 620872552206620800245837 /* PBXContainerItemProxy */;
		};
		620872612206620800245837 /* PBXTargetDependency */ = {
			isa = PBXTargetDependency;
			target = 6208723C2206620600245837 /* flixster */;
			targetProxy = 620872602206620800245837 /* PBXContainerItemProxy */;
		};
/* End PBXTargetDependency section */

/* Begin PBXVariantGroup section */
		620872442206620600245837 /* Main.storyboard */ = {
			isa = PBXVariantGroup;
			children = (
				620872452206620600245837 /* Base */,
			);
			name = Main.storyboard;
			sourceTree = "<group>";
		};
		6208724C2206620800245837 /* LaunchScreen.storyboard */ = {
			isa = PBXVariantGroup;
			children = (
				6208724D2206620800245837 /* Base */,
			);
			name = LaunchScreen.storyboard;
			sourceTree = "<group>";
		};
/* End PBXVariantGroup section */

/* Begin XCBuildConfiguration section */
		620872662206620800245837 /* Debug */ = {
			isa = XCBuildConfiguration;
			buildSettings = {
				ALWAYS_SEARCH_USER_PATHS = NO;
				CLANG_ANALYZER_NONNULL = YES;
				CLANG_ANALYZER_NUMBER_OBJECT_CONVERSION = YES_AGGRESSIVE;
				CLANG_CXX_LANGUAGE_STANDARD = "gnu++14";
				CLANG_CXX_LIBRARY = "libc++";
				CLANG_ENABLE_MODULES = YES;
				CLANG_ENABLE_OBJC_ARC = YES;
				CLANG_ENABLE_OBJC_WEAK = YES;
				CLANG_WARN_BLOCK_CAPTURE_AUTORELEASING = YES;
				CLANG_WARN_BOOL_CONVERSION = YES;
				CLANG_WARN_COMMA = YES;
				CLANG_WARN_CONSTANT_CONVERSION = YES;
				CLANG_WARN_DEPRECATED_OBJC_IMPLEMENTATIONS = YES;
				CLANG_WARN_DIRECT_OBJC_ISA_USAGE = YES_ERROR;
				CLANG_WARN_DOCUMENTATION_COMMENTS = YES;
				CLANG_WARN_EMPTY_BODY = YES;
				CLANG_WARN_ENUM_CONVERSION = YES;
				CLANG_WARN_INFINITE_RECURSION = YES;
				CLANG_WARN_INT_CONVERSION = YES;
				CLANG_WARN_NON_LITERAL_NULL_CONVERSION = YES;
				CLANG_WARN_OBJC_IMPLICIT_RETAIN_SELF = YES;
				CLANG_WARN_OBJC_LITERAL_CONVERSION = YES;
				CLANG_WARN_OBJC_ROOT_CLASS = YES_ERROR;
				CLANG_WARN_RANGE_LOOP_ANALYSIS = YES;
				CLANG_WARN_STRICT_PROTOTYPES = YES;
				CLANG_WARN_SUSPICIOUS_MOVE = YES;
				CLANG_WARN_UNGUARDED_AVAILABILITY = YES_AGGRESSIVE;
				CLANG_WARN_UNREACHABLE_CODE = YES;
				CLANG_WARN__DUPLICATE_METHOD_MATCH = YES;
				CODE_SIGN_IDENTITY = "iPhone Developer";
				COPY_PHASE_STRIP = NO;
				DEBUG_INFORMATION_FORMAT = dwarf;
				ENABLE_STRICT_OBJC_MSGSEND = YES;
				ENABLE_TESTABILITY = YES;
				GCC_C_LANGUAGE_STANDARD = gnu11;
				GCC_DYNAMIC_NO_PIC = NO;
				GCC_NO_COMMON_BLOCKS = YES;
				GCC_OPTIMIZATION_LEVEL = 0;
				GCC_PREPROCESSOR_DEFINITIONS = (
					"DEBUG=1",
					"$(inherited)",
				);
				GCC_WARN_64_TO_32_BIT_CONVERSION = YES;
				GCC_WARN_ABOUT_RETURN_TYPE = YES_ERROR;
				GCC_WARN_UNDECLARED_SELECTOR = YES;
				GCC_WARN_UNINITIALIZED_AUTOS = YES_AGGRESSIVE;
				GCC_WARN_UNUSED_FUNCTION = YES;
				GCC_WARN_UNUSED_VARIABLE = YES;
				IPHONEOS_DEPLOYMENT_TARGET = 12.1;
				MTL_ENABLE_DEBUG_INFO = INCLUDE_SOURCE;
				MTL_FAST_MATH = YES;
				ONLY_ACTIVE_ARCH = YES;
				SDKROOT = iphoneos;
				SWIFT_ACTIVE_COMPILATION_CONDITIONS = DEBUG;
				SWIFT_OPTIMIZATION_LEVEL = "-Onone";
			};
			name = Debug;
		};
		620872672206620800245837 /* Release */ = {
			isa = XCBuildConfiguration;
			buildSettings = {
				ALWAYS_SEARCH_USER_PATHS = NO;
				CLANG_ANALYZER_NONNULL = YES;
				CLANG_ANALYZER_NUMBER_OBJECT_CONVERSION = YES_AGGRESSIVE;
				CLANG_CXX_LANGUAGE_STANDARD = "gnu++14";
				CLANG_CXX_LIBRARY = "libc++";
				CLANG_ENABLE_MODULES = YES;
				CLANG_ENABLE_OBJC_ARC = YES;
				CLANG_ENABLE_OBJC_WEAK = YES;
				CLANG_WARN_BLOCK_CAPTURE_AUTORELEASING = YES;
				CLANG_WARN_BOOL_CONVERSION = YES;
				CLANG_WARN_COMMA = YES;
				CLANG_WARN_CONSTANT_CONVERSION = YES;
				CLANG_WARN_DEPRECATED_OBJC_IMPLEMENTATIONS = YES;
				CLANG_WARN_DIRECT_OBJC_ISA_USAGE = YES_ERROR;
				CLANG_WARN_DOCUMENTATION_COMMENTS = YES;
				CLANG_WARN_EMPTY_BODY = YES;
				CLANG_WARN_ENUM_CONVERSION = YES;
				CLANG_WARN_INFINITE_RECURSION = YES;
				CLANG_WARN_INT_CONVERSION = YES;
				CLANG_WARN_NON_LITERAL_NULL_CONVERSION = YES;
				CLANG_WARN_OBJC_IMPLICIT_RETAIN_SELF = YES;
				CLANG_WARN_OBJC_LITERAL_CONVERSION = YES;
				CLANG_WARN_OBJC_ROOT_CLASS = YES_ERROR;
				CLANG_WARN_RANGE_LOOP_ANALYSIS = YES;
				CLANG_WARN_STRICT_PROTOTYPES = YES;
				CLANG_WARN_SUSPICIOUS_MOVE = YES;
				CLANG_WARN_UNGUARDED_AVAILABILITY = YES_AGGRESSIVE;
				CLANG_WARN_UNREACHABLE_CODE = YES;
				CLANG_WARN__DUPLICATE_METHOD_MATCH = YES;
				CODE_SIGN_IDENTITY = "iPhone Developer";
				COPY_PHASE_STRIP = NO;
				DEBUG_INFORMATION_FORMAT = "dwarf-with-dsym";
				ENABLE_NS_ASSERTIONS = NO;
				ENABLE_STRICT_OBJC_MSGSEND = YES;
				GCC_C_LANGUAGE_STANDARD = gnu11;
				GCC_NO_COMMON_BLOCKS = YES;
				GCC_WARN_64_TO_32_BIT_CONVERSION = YES;
				GCC_WARN_ABOUT_RETURN_TYPE = YES_ERROR;
				GCC_WARN_UNDECLARED_SELECTOR = YES;
				GCC_WARN_UNINITIALIZED_AUTOS = YES_AGGRESSIVE;
				GCC_WARN_UNUSED_FUNCTION = YES;
				GCC_WARN_UNUSED_VARIABLE = YES;
				IPHONEOS_DEPLOYMENT_TARGET = 12.1;
				MTL_ENABLE_DEBUG_INFO = NO;
				MTL_FAST_MATH = YES;
				SDKROOT = iphoneos;
				SWIFT_COMPILATION_MODE = wholemodule;
				SWIFT_OPTIMIZATION_LEVEL = "-O";
				VALIDATE_PRODUCT = YES;
			};
			name = Release;
		};
		620872692206620800245837 /* Debug */ = {
			isa = XCBuildConfiguration;
			baseConfigurationReference = FF4280F4DB7C91E1706B2607 /* Pods-flixster.debug.xcconfig */;
			buildSettings = {
				ASSETCATALOG_COMPILER_APPICON_NAME = AppIcon;
				CODE_SIGN_STYLE = Automatic;
				DEVELOPMENT_TEAM = H2YZCBU3DF;
				INFOPLIST_FILE = flixster/Info.plist;
				LD_RUNPATH_SEARCH_PATHS = (
					"$(inherited)",
					"@executable_path/Frameworks",
				);
				PRODUCT_BUNDLE_IDENTIFIER = SB.flixster;
				PRODUCT_NAME = "$(TARGET_NAME)";
				SWIFT_VERSION = 4.2;
				TARGETED_DEVICE_FAMILY = "1,2";
			};
			name = Debug;
		};
		6208726A2206620800245837 /* Release */ = {
			isa = XCBuildConfiguration;
			baseConfigurationReference = FAD1890AF66CF4790BD64BCB /* Pods-flixster.release.xcconfig */;
			buildSettings = {
				ASSETCATALOG_COMPILER_APPICON_NAME = AppIcon;
				CODE_SIGN_STYLE = Automatic;
				DEVELOPMENT_TEAM = H2YZCBU3DF;
				INFOPLIST_FILE = flixster/Info.plist;
				LD_RUNPATH_SEARCH_PATHS = (
					"$(inherited)",
					"@executable_path/Frameworks",
				);
				PRODUCT_BUNDLE_IDENTIFIER = SB.flixster;
				PRODUCT_NAME = "$(TARGET_NAME)";
				SWIFT_VERSION = 4.2;
				TARGETED_DEVICE_FAMILY = "1,2";
			};
			name = Release;
		};
		6208726C2206620800245837 /* Debug */ = {
			isa = XCBuildConfiguration;
			baseConfigurationReference = F79FD119A5EB518F50450415 /* Pods-flixsterTests.debug.xcconfig */;
			buildSettings = {
				ALWAYS_EMBED_SWIFT_STANDARD_LIBRARIES = YES;
				BUNDLE_LOADER = "$(TEST_HOST)";
				CODE_SIGN_STYLE = Automatic;
				DEVELOPMENT_TEAM = H2YZCBU3DF;
				INFOPLIST_FILE = flixsterTests/Info.plist;
				LD_RUNPATH_SEARCH_PATHS = (
					"$(inherited)",
					"@executable_path/Frameworks",
					"@loader_path/Frameworks",
				);
				PRODUCT_BUNDLE_IDENTIFIER = SB.flixsterTests;
				PRODUCT_NAME = "$(TARGET_NAME)";
				SWIFT_VERSION = 4.2;
				TARGETED_DEVICE_FAMILY = "1,2";
				TEST_HOST = "$(BUILT_PRODUCTS_DIR)/flixster.app/flixster";
			};
			name = Debug;
		};
		6208726D2206620800245837 /* Release */ = {
			isa = XCBuildConfiguration;
			baseConfigurationReference = C90C68DD51BBFF455AB419D4 /* Pods-flixsterTests.release.xcconfig */;
			buildSettings = {
				ALWAYS_EMBED_SWIFT_STANDARD_LIBRARIES = YES;
				BUNDLE_LOADER = "$(TEST_HOST)";
				CODE_SIGN_STYLE = Automatic;
				DEVELOPMENT_TEAM = H2YZCBU3DF;
				INFOPLIST_FILE = flixsterTests/Info.plist;
				LD_RUNPATH_SEARCH_PATHS = (
					"$(inherited)",
					"@executable_path/Frameworks",
					"@loader_path/Frameworks",
				);
				PRODUCT_BUNDLE_IDENTIFIER = SB.flixsterTests;
				PRODUCT_NAME = "$(TARGET_NAME)";
				SWIFT_VERSION = 4.2;
				TARGETED_DEVICE_FAMILY = "1,2";
				TEST_HOST = "$(BUILT_PRODUCTS_DIR)/flixster.app/flixster";
			};
			name = Release;
		};
		6208726F2206620800245837 /* Debug */ = {
			isa = XCBuildConfiguration;
			baseConfigurationReference = A25223136B1897C03C6AE774 /* Pods-flixsterUITests.debug.xcconfig */;
			buildSettings = {
				ALWAYS_EMBED_SWIFT_STANDARD_LIBRARIES = YES;
				CODE_SIGN_STYLE = Automatic;
				DEVELOPMENT_TEAM = H2YZCBU3DF;
				INFOPLIST_FILE = flixsterUITests/Info.plist;
				LD_RUNPATH_SEARCH_PATHS = (
					"$(inherited)",
					"@executable_path/Frameworks",
					"@loader_path/Frameworks",
				);
				PRODUCT_BUNDLE_IDENTIFIER = SB.flixsterUITests;
				PRODUCT_NAME = "$(TARGET_NAME)";
				SWIFT_VERSION = 4.2;
				TARGETED_DEVICE_FAMILY = "1,2";
				TEST_TARGET_NAME = flixster;
			};
			name = Debug;
		};
		620872702206620800245837 /* Release */ = {
			isa = XCBuildConfiguration;
			baseConfigurationReference = 353B0F9A5B2EA8DA595B1B46 /* Pods-flixsterUITests.release.xcconfig */;
			buildSettings = {
				ALWAYS_EMBED_SWIFT_STANDARD_LIBRARIES = YES;
				CODE_SIGN_STYLE = Automatic;
				DEVELOPMENT_TEAM = H2YZCBU3DF;
				INFOPLIST_FILE = flixsterUITests/Info.plist;
				LD_RUNPATH_SEARCH_PATHS = (
					"$(inherited)",
					"@executable_path/Frameworks",
					"@loader_path/Frameworks",
				);
				PRODUCT_BUNDLE_IDENTIFIER = SB.flixsterUITests;
				PRODUCT_NAME = "$(TARGET_NAME)";
				SWIFT_VERSION = 4.2;
				TARGETED_DEVICE_FAMILY = "1,2";
				TEST_TARGET_NAME = flixster;
			};
			name = Release;
		};
/* End XCBuildConfiguration section */

/* Begin XCConfigurationList section */
		620872382206620600245837 /* Build configuration list for PBXProject "flixster" */ = {
			isa = XCConfigurationList;
			buildConfigurations = (
				620872662206620800245837 /* Debug */,
				620872672206620800245837 /* Release */,
			);
			defaultConfigurationIsVisible = 0;
			defaultConfigurationName = Release;
		};
		620872682206620800245837 /* Build configuration list for PBXNativeTarget "flixster" */ = {
			isa = XCConfigurationList;
			buildConfigurations = (
				620872692206620800245837 /* Debug */,
				6208726A2206620800245837 /* Release */,
			);
			defaultConfigurationIsVisible = 0;
			defaultConfigurationName = Release;
		};
		6208726B2206620800245837 /* Build configuration list for PBXNativeTarget "flixsterTests" */ = {
			isa = XCConfigurationList;
			buildConfigurations = (
				6208726C2206620800245837 /* Debug */,
				6208726D2206620800245837 /* Release */,
			);
			defaultConfigurationIsVisible = 0;
			defaultConfigurationName = Release;
		};
		6208726E2206620800245837 /* Build configuration list for PBXNativeTarget "flixsterUITests" */ = {
			isa = XCConfigurationList;
			buildConfigurations = (
				6208726F2206620800245837 /* Debug */,
				620872702206620800245837 /* Release */,
			);
			defaultConfigurationIsVisible = 0;
			defaultConfigurationName = Release;
		};
/* End XCConfigurationList section */

/* Begin XCVersionGroup section */
		620872472206620600245837 /* flixster.xcdatamodeld */ = {
			isa = XCVersionGroup;
			children = (
				620872482206620600245837 /* flixster.xcdatamodel */,
			);
			currentVersion = 620872482206620600245837 /* flixster.xcdatamodel */;
			path = flixster.xcdatamodeld;
			sourceTree = "<group>";
			versionGroupType = wrapper.xcdatamodel;
		};
/* End XCVersionGroup section */
	};
	rootObject = 620872352206620600245837 /* Project object */;
}
